
Microsoft Visual Studio Solution File, Format Version 12.00
Project("{FAE04EC0-301F-11D3-BF4B-00C04F79EFBC}") = "Domain", "src\Domain\Domain.csproj", "{81798535-4322-4F80-AFD5-5E96A54D0E6C}"
EndProject
Project("{FAE04EC0-301F-11D3-BF4B-00C04F79EFBC}") = "Infrastructure", "src\Infrastructure\Infrastructure.csproj", "{D665CBD7-7AE1-4C82-A90C-41BBFC4F694B}"
EndProject
Project("{FAE04EC0-301F-11D3-BF4B-00C04F79EFBC}") = "MoviesCatalog.Application", "src\MoviesCatalog\MoviesCatalog.Application\MoviesCatalog.Application.csproj", "{7B2A5700-5D7E-418C-9616-2B540D79B22C}"
EndProject
Project("{FAE04EC0-301F-11D3-BF4B-00C04F79EFBC}") = "MoviesCatalog.Domain", "src\MoviesCatalog\MoviesCatalog.Domain\MoviesCatalog.Domain.csproj", "{91FC3B4C-49D0-44C0-8E69-74D68D7AFE5F}"
EndProject
Project("{FAE04EC0-301F-11D3-BF4B-00C04F79EFBC}") = "MoviesCatalog.Infrastructure", "src\MoviesCatalog\MoviesCatalog.Infrastructure\MoviesCatalog.Infrastructure.csproj", "{2D5BB497-B8D4-450A-B36B-C9E1D65BF6DC}"
EndProject
Project("{FAE04EC0-301F-11D3-BF4B-00C04F79EFBC}") = "MoviesCatalog.API", "src\MoviesCatalog\MoviesCatalog.API\MoviesCatalog.API.csproj", "{17227AE9-AEB1-4773-A30F-0E61C8DD4D60}"
EndProject
Project("{FAE04EC0-301F-11D3-BF4B-00C04F79EFBC}") = "Reservations.API", "src\Reservations\Reservations.API\Reservations.API.csproj", "{549C0BC7-575F-4701-83B0-AEC903CAE540}"
EndProject
Project("{FAE04EC0-301F-11D3-BF4B-00C04F79EFBC}") = "Reservations.Application", "src\Reservations\Reservations.Application\Reservations.Application.csproj", "{FECDD142-4E67-4EB7-8DEF-CB380F2A1413}"
EndProject
Project("{FAE04EC0-301F-11D3-BF4B-00C04F79EFBC}") = "Reservations.Domain", "src\Reservations\Reservations.Domain\Reservations.Domain.csproj", "{BFE665CB-F12F-43A8-8FC3-4604EF6ECC99}"
EndProject
Project("{FAE04EC0-301F-11D3-BF4B-00C04F79EFBC}") = "Reservations.Infrastructure", "src\Reservations\Reservations.Infrastructure\Reservations.Infrastructure.csproj", "{CC2355D1-CF97-46B7-86CB-16FAF8D754CD}"
EndProject
Project("{FAE04EC0-301F-11D3-BF4B-00C04F79EFBC}") = "Venues.Domain", "src\Venues\Venues.Domain\Venues.Domain.csproj", "{AB779A15-E8A4-4A8C-8BCF-555F5343283A}"
EndProject
Project("{FAE04EC0-301F-11D3-BF4B-00C04F79EFBC}") = "Venues.Application", "src\Venues\Venues.Application\Venues.Application.csproj", "{8D892CF7-9DE4-4DD5-9854-F184B5A9C1D6}"
EndProject
Project("{FAE04EC0-301F-11D3-BF4B-00C04F79EFBC}") = "Venues.Infrastructure", "src\Venues\Venues.Infrastructure\Venues.Infrastructure.csproj", "{84751C2E-D850-4B48-B6EE-466DA019CDD2}"
EndProject
Project("{FAE04EC0-301F-11D3-BF4B-00C04F79EFBC}") = "Shared.Infrastructure", "src\Shared\Shared.Infrastructure\Shared.Infrastructure.csproj", "{0DF6A3A8-D8A3-46D7-8F67-8B34434EE647}"
EndProject
Project("{FAE04EC0-301F-11D3-BF4B-00C04F79EFBC}") = "Shared.Domain", "src\Shared\Shared.Domain\Shared.Domain.csproj", "{7A8D24A5-75AD-4DD0-A83D-8B9E38435EFE}"
EndProject
Global
	GlobalSection(SolutionConfigurationPlatforms) = preSolution
		Debug|Any CPU = Debug|Any CPU
		Release|Any CPU = Release|Any CPU
	EndGlobalSection
	GlobalSection(ProjectConfigurationPlatforms) = postSolution
		{81798535-4322-4F80-AFD5-5E96A54D0E6C}.Debug|Any CPU.ActiveCfg = Debug|Any CPU
		{81798535-4322-4F80-AFD5-5E96A54D0E6C}.Debug|Any CPU.Build.0 = Debug|Any CPU
		{81798535-4322-4F80-AFD5-5E96A54D0E6C}.Release|Any CPU.ActiveCfg = Release|Any CPU
		{81798535-4322-4F80-AFD5-5E96A54D0E6C}.Release|Any CPU.Build.0 = Release|Any CPU
		{D665CBD7-7AE1-4C82-A90C-41BBFC4F694B}.Debug|Any CPU.ActiveCfg = Debug|Any CPU
		{D665CBD7-7AE1-4C82-A90C-41BBFC4F694B}.Debug|Any CPU.Build.0 = Debug|Any CPU
		{D665CBD7-7AE1-4C82-A90C-41BBFC4F694B}.Release|Any CPU.ActiveCfg = Release|Any CPU
		{D665CBD7-7AE1-4C82-A90C-41BBFC4F694B}.Release|Any CPU.Build.0 = Release|Any CPU
		{7B2A5700-5D7E-418C-9616-2B540D79B22C}.Debug|Any CPU.ActiveCfg = Debug|Any CPU
		{7B2A5700-5D7E-418C-9616-2B540D79B22C}.Debug|Any CPU.Build.0 = Debug|Any CPU
		{7B2A5700-5D7E-418C-9616-2B540D79B22C}.Release|Any CPU.ActiveCfg = Release|Any CPU
		{7B2A5700-5D7E-418C-9616-2B540D79B22C}.Release|Any CPU.Build.0 = Release|Any CPU
		{91FC3B4C-49D0-44C0-8E69-74D68D7AFE5F}.Debug|Any CPU.ActiveCfg = Debug|Any CPU
		{91FC3B4C-49D0-44C0-8E69-74D68D7AFE5F}.Debug|Any CPU.Build.0 = Debug|Any CPU
		{91FC3B4C-49D0-44C0-8E69-74D68D7AFE5F}.Release|Any CPU.ActiveCfg = Release|Any CPU
		{91FC3B4C-49D0-44C0-8E69-74D68D7AFE5F}.Release|Any CPU.Build.0 = Release|Any CPU
		{2D5BB497-B8D4-450A-B36B-C9E1D65BF6DC}.Debug|Any CPU.ActiveCfg = Debug|Any CPU
		{2D5BB497-B8D4-450A-B36B-C9E1D65BF6DC}.Debug|Any CPU.Build.0 = Debug|Any CPU
		{2D5BB497-B8D4-450A-B36B-C9E1D65BF6DC}.Release|Any CPU.ActiveCfg = Release|Any CPU
		{2D5BB497-B8D4-450A-B36B-C9E1D65BF6DC}.Release|Any CPU.Build.0 = Release|Any CPU
		{17227AE9-AEB1-4773-A30F-0E61C8DD4D60}.Debug|Any CPU.ActiveCfg = Debug|Any CPU
		{17227AE9-AEB1-4773-A30F-0E61C8DD4D60}.Debug|Any CPU.Build.0 = Debug|Any CPU
		{17227AE9-AEB1-4773-A30F-0E61C8DD4D60}.Release|Any CPU.ActiveCfg = Release|Any CPU
		{17227AE9-AEB1-4773-A30F-0E61C8DD4D60}.Release|Any CPU.Build.0 = Release|Any CPU
		{549C0BC7-575F-4701-83B0-AEC903CAE540}.Debug|Any CPU.ActiveCfg = Debug|Any CPU
		{549C0BC7-575F-4701-83B0-AEC903CAE540}.Debug|Any CPU.Build.0 = Debug|Any CPU
		{549C0BC7-575F-4701-83B0-AEC903CAE540}.Release|Any CPU.ActiveCfg = Release|Any CPU
		{549C0BC7-575F-4701-83B0-AEC903CAE540}.Release|Any CPU.Build.0 = Release|Any CPU
		{FECDD142-4E67-4EB7-8DEF-CB380F2A1413}.Debug|Any CPU.ActiveCfg = Debug|Any CPU
		{FECDD142-4E67-4EB7-8DEF-CB380F2A1413}.Debug|Any CPU.Build.0 = Debug|Any CPU
		{FECDD142-4E67-4EB7-8DEF-CB380F2A1413}.Release|Any CPU.ActiveCfg = Release|Any CPU
		{FECDD142-4E67-4EB7-8DEF-CB380F2A1413}.Release|Any CPU.Build.0 = Release|Any CPU
		{BFE665CB-F12F-43A8-8FC3-4604EF6ECC99}.Debug|Any CPU.ActiveCfg = Debug|Any CPU
		{BFE665CB-F12F-43A8-8FC3-4604EF6ECC99}.Debug|Any CPU.Build.0 = Debug|Any CPU
		{BFE665CB-F12F-43A8-8FC3-4604EF6ECC99}.Release|Any CPU.ActiveCfg = Release|Any CPU
		{BFE665CB-F12F-43A8-8FC3-4604EF6ECC99}.Release|Any CPU.Build.0 = Release|Any CPU
		{CC2355D1-CF97-46B7-86CB-16FAF8D754CD}.Debug|Any CPU.ActiveCfg = Debug|Any CPU
		{CC2355D1-CF97-46B7-86CB-16FAF8D754CD}.Debug|Any CPU.Build.0 = Debug|Any CPU
		{CC2355D1-CF97-46B7-86CB-16FAF8D754CD}.Release|Any CPU.ActiveCfg = Release|Any CPU
		{CC2355D1-CF97-46B7-86CB-16FAF8D754CD}.Release|Any CPU.Build.0 = Release|Any CPU
		{AB779A15-E8A4-4A8C-8BCF-555F5343283A}.Debug|Any CPU.ActiveCfg = Debug|Any CPU
		{AB779A15-E8A4-4A8C-8BCF-555F5343283A}.Debug|Any CPU.Build.0 = Debug|Any CPU
		{AB779A15-E8A4-4A8C-8BCF-555F5343283A}.Release|Any CPU.ActiveCfg = Release|Any CPU
		{AB779A15-E8A4-4A8C-8BCF-555F5343283A}.Release|Any CPU.Build.0 = Release|Any CPU
		{8D892CF7-9DE4-4DD5-9854-F184B5A9C1D6}.Debug|Any CPU.ActiveCfg = Debug|Any CPU
		{8D892CF7-9DE4-4DD5-9854-F184B5A9C1D6}.Debug|Any CPU.Build.0 = Debug|Any CPU
		{8D892CF7-9DE4-4DD5-9854-F184B5A9C1D6}.Release|Any CPU.ActiveCfg = Release|Any CPU
		{8D892CF7-9DE4-4DD5-9854-F184B5A9C1D6}.Release|Any CPU.Build.0 = Release|Any CPU
		{84751C2E-D850-4B48-B6EE-466DA019CDD2}.Debug|Any CPU.ActiveCfg = Debug|Any CPU
		{84751C2E-D850-4B48-B6EE-466DA019CDD2}.Debug|Any CPU.Build.0 = Debug|Any CPU
		{84751C2E-D850-4B48-B6EE-466DA019CDD2}.Release|Any CPU.ActiveCfg = Release|Any CPU
		{84751C2E-D850-4B48-B6EE-466DA019CDD2}.Release|Any CPU.Build.0 = Release|Any CPU
		{0DF6A3A8-D8A3-46D7-8F67-8B34434EE647}.Debug|Any CPU.ActiveCfg = Debug|Any CPU
		{0DF6A3A8-D8A3-46D7-8F67-8B34434EE647}.Debug|Any CPU.Build.0 = Debug|Any CPU
		{0DF6A3A8-D8A3-46D7-8F67-8B34434EE647}.Release|Any CPU.ActiveCfg = Release|Any CPU
		{0DF6A3A8-D8A3-46D7-8F67-8B34434EE647}.Release|Any CPU.Build.0 = Release|Any CPU
		{7A8D24A5-75AD-4DD0-A83D-8B9E38435EFE}.Debug|Any CPU.ActiveCfg = Debug|Any CPU
		{7A8D24A5-75AD-4DD0-A83D-8B9E38435EFE}.Debug|Any CPU.Build.0 = Debug|Any CPU
		{7A8D24A5-75AD-4DD0-A83D-8B9E38435EFE}.Release|Any CPU.ActiveCfg = Release|Any CPU
		{7A8D24A5-75AD-4DD0-A83D-8B9E38435EFE}.Release|Any CPU.Build.0 = Release|Any CPU
	EndGlobalSection
EndGlobal
